hash: 447124f2c8ebce78cd6f439867b4cc3a410df3d89469dd86dcb31504022fbc85
updated: 2018-10-10T17:15:45.010787519-03:00
imports:
- name: github.com/anacrolix/missinggo
  version: f9a329340c5303f1977dcb9efb0918b34437a003
  subpackages:
  - httptoo
  - mime
- name: github.com/bouk/monkey
  version: 5df1f207ff77e025801505ae4d903133a0b4353f
- name: github.com/bradfitz/iter
  version: 454541ec3da2a73fc34fd049b19ee5777bf19345
- name: github.com/c9s/goprocinfo
  version: 0010a05ce49fde7f50669bc7ecda7d41dd6ab824
  subpackages:
  - linux
- name: github.com/davecgh/go-spew
  version: 8991bc29aa16c548c550c7ff78260e27b9ab7c73
  subpackages:
  - spew
- name: github.com/fatih/color
  version: 2d684516a8861da43017284349b7e303e809ac21
- name: github.com/fsnotify/fsnotify
  version: c2828203cd70a50dcccfb2761f8b1f8ceef9a8e9
- name: github.com/go-ini/ini
  version: cec2bdc49009247305a260b082a18e802d0fe292
- name: github.com/hokaccha/go-prettyjson
  version: d229c224a219dcf41e9d2af4684b9782f33f5eb7
- name: github.com/huandu/xstrings
  version: 7bb0250b58e5c15670406e6f93ffda43281305b1
- name: github.com/inconshreveable/mousetrap
  version: 76626ae9c91c4f2a10f34cad8ce83ea42c93bb75
- name: github.com/julienschmidt/httprouter
  version: adbc77eec0d91467376ca515bc3a14b8434d0f18
- name: github.com/koofr/go-httputils
  version: 966567c98232b97cb39a4a2a0b516a412b90e9a4
- name: github.com/mattn/go-colorable
  version: efa589957cd060542a26d2dd7832fd6a6c6c3ade
- name: github.com/mattn/go-isatty
  version: 6ca4dbf54d38eea1a992b3c722a76a5d1c4cb25c
- name: github.com/mattn/go-shellwords
  version: f8471b0a71ded0ab910825ee2cf230f25de000f1
- name: github.com/moul/http2curl
  version: 9ac6cf4d929b2fa8fd2d2e6dec5bb0feb4f4911d
- name: github.com/OSSystems/pkg
  version: 0c38fb3a1f0ffbf57cdcd47857ee8d2dc84af1ef
  subpackages:
  - log
- name: github.com/parnurzeal/gorequest
  version: a578a48e8d6ca8b01a3b18314c43c6716bb5f5a3
- name: github.com/pkg/errors
  version: 816c9085562cd7ee03e7f8188a1cfd942858cded
- name: github.com/pmezard/go-difflib
  version: 792786c7400a136282c1664665ae0a8db921c6c2
  subpackages:
  - difflib
- name: github.com/sirupsen/logrus
  version: 75068beb13ada9c0ddde611f678523fda7352650
  subpackages:
  - hooks/syslog
  - hooks/test
- name: github.com/spf13/afero
  version: 787d034dfe70e44075ccc060d346146ef53270ad
  subpackages:
  - mem
- name: github.com/spf13/cobra
  version: 1e58aa3361fd650121dceeedc399e7189c05674a
- name: github.com/spf13/pflag
  version: 3ebe029320b2676d667ae88da602a5f854788a8a
- name: github.com/stretchr/objx
  version: 0ab728f62c7f6fcd754334f7931c2dd659dce1d1
- name: github.com/stretchr/testify
  version: f35b8ab0b5a2cef36673838d662e249dd9c94686
  subpackages:
  - assert
  - mock
- name: github.com/UpdateHub/agent-sdk-go
  version: 11f9627edc28c9ca52163eb53986560ee500a759
- name: golang.org/x/crypto
  version: 7f39a6fea4fe9364fb61e1def6a268a51b4f3a06
  subpackages:
  - ssh/terminal
- name: golang.org/x/net
  version: db08ff08e8622530d9ed3a0e8ac279f6d4c02196
  subpackages:
  - publicsuffix
- name: golang.org/x/sys
  version: ad87a3a340fa7f3bed189293fbfa7a9b7e021ae1
  subpackages:
  - unix
  - windows
- name: golang.org/x/text
  version: 5cec4b58c438bd98288aeb248bab2c1840713d21
  subpackages:
  - transform
  - unicode/norm
testImports:
- name: github.com/AllenDang/w32
  version: ad0a36d80adcd081d5c0dded8e97a009b486d1db
- name: github.com/koofr/go-cryptoutils
  version: fe224388747f833c92925c933f6e3dbf2765e983
  subpackages:
  - bettermd5
- name: github.com/koofr/go-httpclient
  version: 03786175608a2f5e76523fc489cad8bee2f20fbc
- name: github.com/koofr/go-ioutils
  version: 2135a71116c3b6b9da6d6e61f927c4f6bfe1f21a
- name: github.com/koofr/pb
  version: 0ccf57bef0b6c360429c6a1ac97b20a3088024e6
